// !$*UTF8*$!
{
	archiveVersion = 1;
	classes = {
	};
	objectVersion = 46;
	objects = {

/* Begin PBXBuildFile section */
		5E0EEADE16443C4500EF665F /* Player.cpp in Sources */ = {isa = PBXBuildFile; fileRef = 5E0EEAC916443C4500EF665F /* Player.cpp */; };
		5E0EEADF16443C4500EF665F /* AudioDecoder.cpp in Sources */ = {isa = PBXBuildFile; fileRef = 5E0EEACB16443C4500EF665F /* AudioDecoder.cpp */; };
		5E0EEAE016443C4500EF665F /* AudioRender.cpp in Sources */ = {isa = PBXBuildFile; fileRef = 5E0EEACC16443C4500EF665F /* AudioRender.cpp */; };
		5E0EEAE116443C4500EF665F /* DataManager.cpp in Sources */ = {isa = PBXBuildFile; fileRef = 5E0EEACD16443C4500EF665F /* DataManager.cpp */; };
		5E0EEAE216443C4500EF665F /* VideoDecoder.cpp in Sources */ = {isa = PBXBuildFile; fileRef = 5E0EEACE16443C4500EF665F /* VideoDecoder.cpp */; };
		5E0EEAE316443C4500EF665F /* VideoRender.cpp in Sources */ = {isa = PBXBuildFile; fileRef = 5E0EEACF16443C4500EF665F /* VideoRender.cpp */; };
		5E0EEAE416443C4500EF665F /* ALWrapper.cpp in Sources */ = {isa = PBXBuildFile; fileRef = 5E0EEAD116443C4500EF665F /* ALWrapper.cpp */; };
		5E0EEAE516443C4500EF665F /* FrequencyWorker.cpp in Sources */ = {isa = PBXBuildFile; fileRef = 5E0EEAD216443C4500EF665F /* FrequencyWorker.cpp */; };
		5E0EEAE616443C4500EF665F /* GLWrapper.cpp in Sources */ = {isa = PBXBuildFile; fileRef = 5E0EEAD316443C4500EF665F /* GLWrapper.cpp */; };
		5E0EEAE716443C4500EF665F /* MessageCenter.cpp in Sources */ = {isa = PBXBuildFile; fileRef = 5E0EEAD416443C4500EF665F /* MessageCenter.cpp */; };
		5E0EEAE816443C4500EF665F /* ModuleManager.cpp in Sources */ = {isa = PBXBuildFile; fileRef = 5E0EEAD516443C4500EF665F /* ModuleManager.cpp */; };
		5E0EEAE916443C4500EF665F /* SystemClock.cpp in Sources */ = {isa = PBXBuildFile; fileRef = 5E0EEAD616443C4500EF665F /* SystemClock.cpp */; };
		5E0EEAEA16443C4500EF665F /* Thread.cpp in Sources */ = {isa = PBXBuildFile; fileRef = 5E0EEAD716443C4500EF665F /* Thread.cpp */; };
		5E0EEAEB16443C4500EF665F /* Timer.cpp in Sources */ = {isa = PBXBuildFile; fileRef = 5E0EEAD816443C4500EF665F /* Timer.cpp */; };
		5EF26988164505DD001742C0 /* libavcodec.a in Frameworks */ = {isa = PBXBuildFile; fileRef = 5EF26983164505DD001742C0 /* libavcodec.a */; };
		5EF26989164505DD001742C0 /* libavdevice.a in Frameworks */ = {isa = PBXBuildFile; fileRef = 5EF26984164505DD001742C0 /* libavdevice.a */; };
		5EF2698A164505DD001742C0 /* libavformat.a in Frameworks */ = {isa = PBXBuildFile; fileRef = 5EF26985164505DD001742C0 /* libavformat.a */; };
		5EF2698B164505DD001742C0 /* libavutil.a in Frameworks */ = {isa = PBXBuildFile; fileRef = 5EF26986164505DD001742C0 /* libavutil.a */; };
		5EF2698C164505DD001742C0 /* libswscale.a in Frameworks */ = {isa = PBXBuildFile; fileRef = 5EF26987164505DD001742C0 /* libswscale.a */; };
/* End PBXBuildFile section */

/* Begin PBXCopyFilesBuildPhase section */
		5E2620CD16443AC8001A9207 /* CopyFiles */ = {
			isa = PBXCopyFilesBuildPhase;
			buildActionMask = 2147483647;
			dstPath = "include/${PRODUCT_NAME}";
			dstSubfolderSpec = 16;
			files = (
			);
			runOnlyForDeploymentPostprocessing = 0;
		};
/* End PBXCopyFilesBuildPhase section */

/* Begin PBXFileReference section */
		5E0EEAAC16443C4500EF665F /* ICommandResponse.h */ = {isa = PBXFileReference; fileEncoding = 4; lastKnownFileType = sourcecode.c.h; path = ICommandResponse.h; sourceTree = "<group>"; };
		5E0EEAAD16443C4500EF665F /* IGLView.h */ = {isa = PBXFileReference; fileEncoding = 4; lastKnownFileType = sourcecode.c.h; path = IGLView.h; sourceTree = "<group>"; };
		5E0EEAAE16443C4500EF665F /* Player.h */ = {isa = PBXFileReference; fileEncoding = 4; lastKnownFileType = sourcecode.c.h; path = Player.h; sourceTree = "<group>"; };
		5E0EEAB016443C4500EF665F /* AudioDecoder.h */ = {isa = PBXFileReference; fileEncoding = 4; lastKnownFileType = sourcecode.c.h; path = AudioDecoder.h; sourceTree = "<group>"; };
		5E0EEAB116443C4500EF665F /* AudioRender.h */ = {isa = PBXFileReference; fileEncoding = 4; lastKnownFileType = sourcecode.c.h; path = AudioRender.h; sourceTree = "<group>"; };
		5E0EEAB216443C4500EF665F /* DataManager.h */ = {isa = PBXFileReference; fileEncoding = 4; lastKnownFileType = sourcecode.c.h; path = DataManager.h; sourceTree = "<group>"; };
		5E0EEAB316443C4500EF665F /* VideoDecoder.h */ = {isa = PBXFileReference; fileEncoding = 4; lastKnownFileType = sourcecode.c.h; path = VideoDecoder.h; sourceTree = "<group>"; };
		5E0EEAB416443C4500EF665F /* VideoRender.h */ = {isa = PBXFileReference; fileEncoding = 4; lastKnownFileType = sourcecode.c.h; path = VideoRender.h; sourceTree = "<group>"; };
		5E0EEAB616443C4500EF665F /* ALWrapper.h */ = {isa = PBXFileReference; fileEncoding = 4; lastKnownFileType = sourcecode.c.h; path = ALWrapper.h; sourceTree = "<group>"; };
		5E0EEAB716443C4500EF665F /* Any.h */ = {isa = PBXFileReference; fileEncoding = 4; lastKnownFileType = sourcecode.c.h; path = Any.h; sourceTree = "<group>"; };
		5E0EEAB816443C4500EF665F /* AudioDef.h */ = {isa = PBXFileReference; fileEncoding = 4; lastKnownFileType = sourcecode.c.h; path = AudioDef.h; sourceTree = "<group>"; };
		5E0EEAB916443C4500EF665F /* Common.h */ = {isa = PBXFileReference; fileEncoding = 4; lastKnownFileType = sourcecode.c.h; path = Common.h; sourceTree = "<group>"; };
		5E0EEABA16443C4500EF665F /* Event.h */ = {isa = PBXFileReference; fileEncoding = 4; lastKnownFileType = sourcecode.c.h; path = Event.h; sourceTree = "<group>"; };
		5E0EEABB16443C4500EF665F /* FrequencyWorker.h */ = {isa = PBXFileReference; fileEncoding = 4; lastKnownFileType = sourcecode.c.h; path = FrequencyWorker.h; sourceTree = "<group>"; };
		5E0EEABC16443C4500EF665F /* GLWrapper.h */ = {isa = PBXFileReference; fileEncoding = 4; lastKnownFileType = sourcecode.c.h; path = GLWrapper.h; sourceTree = "<group>"; };
		5E0EEABD16443C4500EF665F /* IMessageReceiver.h */ = {isa = PBXFileReference; fileEncoding = 4; lastKnownFileType = sourcecode.c.h; path = IMessageReceiver.h; sourceTree = "<group>"; };
		5E0EEABE16443C4500EF665F /* MessageCenter.h */ = {isa = PBXFileReference; fileEncoding = 4; lastKnownFileType = sourcecode.c.h; path = MessageCenter.h; sourceTree = "<group>"; };
		5E0EEABF16443C4500EF665F /* ModuleManager.h */ = {isa = PBXFileReference; fileEncoding = 4; lastKnownFileType = sourcecode.c.h; path = ModuleManager.h; sourceTree = "<group>"; };
		5E0EEAC016443C4500EF665F /* Mutex.h */ = {isa = PBXFileReference; fileEncoding = 4; lastKnownFileType = sourcecode.c.h; path = Mutex.h; sourceTree = "<group>"; };
		5E0EEAC116443C4500EF665F /* RWLock.h */ = {isa = PBXFileReference; fileEncoding = 4; lastKnownFileType = sourcecode.c.h; path = RWLock.h; sourceTree = "<group>"; };
		5E0EEAC216443C4500EF665F /* SmartPtr.h */ = {isa = PBXFileReference; fileEncoding = 4; lastKnownFileType = sourcecode.c.h; path = SmartPtr.h; sourceTree = "<group>"; };
		5E0EEAC316443C4500EF665F /* SpinLock.h */ = {isa = PBXFileReference; fileEncoding = 4; lastKnownFileType = sourcecode.c.h; path = SpinLock.h; sourceTree = "<group>"; };
		5E0EEAC416443C4500EF665F /* SystemClock.h */ = {isa = PBXFileReference; fileEncoding = 4; lastKnownFileType = sourcecode.c.h; path = SystemClock.h; sourceTree = "<group>"; };
		5E0EEAC516443C4500EF665F /* Thread.h */ = {isa = PBXFileReference; fileEncoding = 4; lastKnownFileType = sourcecode.c.h; path = Thread.h; sourceTree = "<group>"; };
		5E0EEAC616443C4500EF665F /* Timer.h */ = {isa = PBXFileReference; fileEncoding = 4; lastKnownFileType = sourcecode.c.h; path = Timer.h; sourceTree = "<group>"; };
		5E0EEAC716443C4500EF665F /* VideoDef.h */ = {isa = PBXFileReference; fileEncoding = 4; lastKnownFileType = sourcecode.c.h; path = VideoDef.h; sourceTree = "<group>"; };
		5E0EEAC916443C4500EF665F /* Player.cpp */ = {isa = PBXFileReference; fileEncoding = 4; lastKnownFileType = sourcecode.cpp.cpp; path = Player.cpp; sourceTree = "<group>"; };
		5E0EEACB16443C4500EF665F /* AudioDecoder.cpp */ = {isa = PBXFileReference; fileEncoding = 4; lastKnownFileType = sourcecode.cpp.cpp; path = AudioDecoder.cpp; sourceTree = "<group>"; };
		5E0EEACC16443C4500EF665F /* AudioRender.cpp */ = {isa = PBXFileReference; fileEncoding = 4; lastKnownFileType = sourcecode.cpp.cpp; path = AudioRender.cpp; sourceTree = "<group>"; };
		5E0EEACD16443C4500EF665F /* DataManager.cpp */ = {isa = PBXFileReference; fileEncoding = 4; lastKnownFileType = sourcecode.cpp.cpp; path = DataManager.cpp; sourceTree = "<group>"; };
		5E0EEACE16443C4500EF665F /* VideoDecoder.cpp */ = {isa = PBXFileReference; fileEncoding = 4; lastKnownFileType = sourcecode.cpp.cpp; path = VideoDecoder.cpp; sourceTree = "<group>"; };
		5E0EEACF16443C4500EF665F /* VideoRender.cpp */ = {isa = PBXFileReference; fileEncoding = 4; lastKnownFileType = sourcecode.cpp.cpp; path = VideoRender.cpp; sourceTree = "<group>"; };
		5E0EEAD116443C4500EF665F /* ALWrapper.cpp */ = {isa = PBXFileReference; fileEncoding = 4; lastKnownFileType = sourcecode.cpp.cpp; path = ALWrapper.cpp; sourceTree = "<group>"; };
		5E0EEAD216443C4500EF665F /* FrequencyWorker.cpp */ = {isa = PBXFileReference; fileEncoding = 4; lastKnownFileType = sourcecode.cpp.cpp; path = FrequencyWorker.cpp; sourceTree = "<group>"; };
		5E0EEAD316443C4500EF665F /* GLWrapper.cpp */ = {isa = PBXFileReference; fileEncoding = 4; lastKnownFileType = sourcecode.cpp.cpp; path = GLWrapper.cpp; sourceTree = "<group>"; };
		5E0EEAD416443C4500EF665F /* MessageCenter.cpp */ = {isa = PBXFileReference; fileEncoding = 4; lastKnownFileType = sourcecode.cpp.cpp; path = MessageCenter.cpp; sourceTree = "<group>"; };
		5E0EEAD516443C4500EF665F /* ModuleManager.cpp */ = {isa = PBXFileReference; fileEncoding = 4; lastKnownFileType = sourcecode.cpp.cpp; path = ModuleManager.cpp; sourceTree = "<group>"; };
		5E0EEAD616443C4500EF665F /* SystemClock.cpp */ = {isa = PBXFileReference; fileEncoding = 4; lastKnownFileType = sourcecode.cpp.cpp; path = SystemClock.cpp; sourceTree = "<group>"; };
		5E0EEAD716443C4500EF665F /* Thread.cpp */ = {isa = PBXFileReference; fileEncoding = 4; lastKnownFileType = sourcecode.cpp.cpp; path = Thread.cpp; sourceTree = "<group>"; };
		5E0EEAD816443C4500EF665F /* Timer.cpp */ = {isa = PBXFileReference; fileEncoding = 4; lastKnownFileType = sourcecode.cpp.cpp; path = Timer.cpp; sourceTree = "<group>"; };
		5E2620CF16443AC8001A9207 /* libcclib.a */ = {isa = PBXFileReference; explicitFileType = archive.ar; includeInIndex = 0; path = libcclib.a; sourceTree = BUILT_PRODUCTS_DIR; };
		5EF26983164505DD001742C0 /* libavcodec.a */ = {isa = PBXFileReference; lastKnownFileType = archive.ar; name = libavcodec.a; path = ffmpeg/libs/simulater/libavcodec.a; sourceTree = "<group>"; };
		5EF26984164505DD001742C0 /* libavdevice.a */ = {isa = PBXFileReference; lastKnownFileType = archive.ar; name = libavdevice.a; path = ffmpeg/libs/simulater/libavdevice.a; sourceTree = "<group>"; };
		5EF26985164505DD001742C0 /* libavformat.a */ = {isa = PBXFileReference; lastKnownFileType = archive.ar; name = libavformat.a; path = ffmpeg/libs/simulater/libavformat.a; sourceTree = "<group>"; };
		5EF26986164505DD001742C0 /* libavutil.a */ = {isa = PBXFileReference; lastKnownFileType = archive.ar; name = libavutil.a; path = ffmpeg/libs/simulater/libavutil.a; sourceTree = "<group>"; };
		5EF26987164505DD001742C0 /* libswscale.a */ = {isa = PBXFileReference; lastKnownFileType = archive.ar; name = libswscale.a; path = ffmpeg/libs/simulater/libswscale.a; sourceTree = "<group>"; };
/* End PBXFileReference section */

/* Begin PBXFrameworksBuildPhase section */
		5E2620CC16443AC8001A9207 /* Frameworks */ = {
			isa = PBXFrameworksBuildPhase;
			buildActionMask = 2147483647;
			files = (
				5EF26988164505DD001742C0 /* libavcodec.a in Frameworks */,
				5EF26989164505DD001742C0 /* libavdevice.a in Frameworks */,
				5EF2698A164505DD001742C0 /* libavformat.a in Frameworks */,
				5EF2698B164505DD001742C0 /* libavutil.a in Frameworks */,
				5EF2698C164505DD001742C0 /* libswscale.a in Frameworks */,
			);
			runOnlyForDeploymentPostprocessing = 0;
		};
/* End PBXFrameworksBuildPhase section */

/* Begin PBXGroup section */
		5E0EEAAB16443C4500EF665F /* include */ = {
			isa = PBXGroup;
			children = (
				5E0EEAAC16443C4500EF665F /* ICommandResponse.h */,
				5E0EEAAD16443C4500EF665F /* IGLView.h */,
				5E0EEAAE16443C4500EF665F /* Player.h */,
				5E0EEAAF16443C4500EF665F /* branch */,
				5E0EEAB516443C4500EF665F /* common */,
			);
			path = include;
			sourceTree = "<group>";
		};
		5E0EEAAF16443C4500EF665F /* branch */ = {
			isa = PBXGroup;
			children = (
				5E0EEAB016443C4500EF665F /* AudioDecoder.h */,
				5E0EEAB116443C4500EF665F /* AudioRender.h */,
				5E0EEAB216443C4500EF665F /* DataManager.h */,
				5E0EEAB316443C4500EF665F /* VideoDecoder.h */,
				5E0EEAB416443C4500EF665F /* VideoRender.h */,
			);
			path = branch;
			sourceTree = "<group>";
		};
		5E0EEAB516443C4500EF665F /* common */ = {
			isa = PBXGroup;
			children = (
				5E0EEAB616443C4500EF665F /* ALWrapper.h */,
				5E0EEAB716443C4500EF665F /* Any.h */,
				5E0EEAB816443C4500EF665F /* AudioDef.h */,
				5E0EEAB916443C4500EF665F /* Common.h */,
				5E0EEABA16443C4500EF665F /* Event.h */,
				5E0EEABB16443C4500EF665F /* FrequencyWorker.h */,
				5E0EEABC16443C4500EF665F /* GLWrapper.h */,
				5E0EEABD16443C4500EF665F /* IMessageReceiver.h */,
				5E0EEABE16443C4500EF665F /* MessageCenter.h */,
				5E0EEABF16443C4500EF665F /* ModuleManager.h */,
				5E0EEAC016443C4500EF665F /* Mutex.h */,
				5E0EEAC116443C4500EF665F /* RWLock.h */,
				5E0EEAC216443C4500EF665F /* SmartPtr.h */,
				5E0EEAC316443C4500EF665F /* SpinLock.h */,
				5E0EEAC416443C4500EF665F /* SystemClock.h */,
				5E0EEAC516443C4500EF665F /* Thread.h */,
				5E0EEAC616443C4500EF665F /* Timer.h */,
				5E0EEAC716443C4500EF665F /* VideoDef.h */,
			);
			path = common;
			sourceTree = "<group>";
		};
		5E0EEAC816443C4500EF665F /* src */ = {
			isa = PBXGroup;
			children = (
				5E0EEAC916443C4500EF665F /* Player.cpp */,
				5E0EEACA16443C4500EF665F /* branch */,
				5E0EEAD016443C4500EF665F /* common */,
			);
			path = src;
			sourceTree = "<group>";
		};
		5E0EEACA16443C4500EF665F /* branch */ = {
			isa = PBXGroup;
			children = (
				5E0EEACB16443C4500EF665F /* AudioDecoder.cpp */,
				5E0EEACC16443C4500EF665F /* AudioRender.cpp */,
				5E0EEACD16443C4500EF665F /* DataManager.cpp */,
				5E0EEACE16443C4500EF665F /* VideoDecoder.cpp */,
				5E0EEACF16443C4500EF665F /* VideoRender.cpp */,
			);
			path = branch;
			sourceTree = "<group>";
		};
		5E0EEAD016443C4500EF665F /* common */ = {
			isa = PBXGroup;
			children = (
				5E0EEAD116443C4500EF665F /* ALWrapper.cpp */,
				5E0EEAD216443C4500EF665F /* FrequencyWorker.cpp */,
				5E0EEAD316443C4500EF665F /* GLWrapper.cpp */,
				5E0EEAD416443C4500EF665F /* MessageCenter.cpp */,
				5E0EEAD516443C4500EF665F /* ModuleManager.cpp */,
				5E0EEAD616443C4500EF665F /* SystemClock.cpp */,
				5E0EEAD716443C4500EF665F /* Thread.cpp */,
				5E0EEAD816443C4500EF665F /* Timer.cpp */,
			);
			path = common;
			sourceTree = "<group>";
		};
		5E2620C416443AC8001A9207 = {
			isa = PBXGroup;
			children = (
				5E0EEAAB16443C4500EF665F /* include */,
				5E0EEAC816443C4500EF665F /* src */,
				5EF2699C16450F9D001742C0 /* Frameworks */,
				5E2620D016443AC8001A9207 /* Products */,
			);
			sourceTree = "<group>";
		};
		5E2620D016443AC8001A9207 /* Products */ = {
			isa = PBXGroup;
			children = (
				5E2620CF16443AC8001A9207 /* libcclib.a */,
			);
			name = Products;
			sourceTree = "<group>";
		};
		5EF2699C16450F9D001742C0 /* Frameworks */ = {
			isa = PBXGroup;
			children = (
				5EF26983164505DD001742C0 /* libavcodec.a */,
				5EF26984164505DD001742C0 /* libavdevice.a */,
				5EF26985164505DD001742C0 /* libavformat.a */,
				5EF26986164505DD001742C0 /* libavutil.a */,
				5EF26987164505DD001742C0 /* libswscale.a */,
			);
			name = Frameworks;
			sourceTree = "<group>";
		};
/* End PBXGroup section */

/* Begin PBXNativeTarget section */
		5E2620CE16443AC8001A9207 /* cclib */ = {
			isa = PBXNativeTarget;
			buildConfigurationList = 5E2620DD16443AC8001A9207 /* Build configuration list for PBXNativeTarget "cclib" */;
			buildPhases = (
				5E2620CB16443AC8001A9207 /* Sources */,
				5E2620CC16443AC8001A9207 /* Frameworks */,
				5E2620CD16443AC8001A9207 /* CopyFiles */,
			);
			buildRules = (
			);
			dependencies = (
			);
			name = cclib;
			productName = cclib;
			productReference = 5E2620CF16443AC8001A9207 /* libcclib.a */;
			productType = "com.apple.product-type.library.static";
		};
/* End PBXNativeTarget section */

/* Begin PBXProject section */
		5E2620C616443AC8001A9207 /* Project object */ = {
			isa = PBXProject;
			attributes = {
				LastUpgradeCheck = 0450;
				ORGANIZATIONNAME = cc;
			};
			buildConfigurationList = 5E2620C916443AC8001A9207 /* Build configuration list for PBXProject "cclib" */;
			compatibilityVersion = "Xcode 3.2";
			developmentRegion = English;
			hasScannedForEncodings = 0;
			knownRegions = (
				en,
			);
			mainGroup = 5E2620C416443AC8001A9207;
			productRefGroup = 5E2620D016443AC8001A9207 /* Products */;
			projectDirPath = "";
			projectRoot = "";
			targets = (
				5E2620CE16443AC8001A9207 /* cclib */,
			);
		};
/* End PBXProject section */

/* Begin PBXSourcesBuildPhase section */
		5E2620CB16443AC8001A9207 /* Sources */ = {
			isa = PBXSourcesBuildPhase;
			buildActionMask = 2147483647;
			files = (
				5E0EEADE16443C4500EF665F /* Player.cpp in Sources */,
				5E0EEADF16443C4500EF665F /* AudioDecoder.cpp in Sources */,
				5E0EEAE016443C4500EF665F /* AudioRender.cpp in Sources */,
				5E0EEAE116443C4500EF665F /* DataManager.cpp in Sources */,
				5E0EEAE216443C4500EF665F /* VideoDecoder.cpp in Sources */,
				5E0EEAE316443C4500EF665F /* VideoRender.cpp in Sources */,
				5E0EEAE416443C4500EF665F /* ALWrapper.cpp in Sources */,
				5E0EEAE516443C4500EF665F /* FrequencyWorker.cpp in Sources */,
				5E0EEAE616443C4500EF665F /* GLWrapper.cpp in Sources */,
				5E0EEAE716443C4500EF665F /* MessageCenter.cpp in Sources */,
				5E0EEAE816443C4500EF665F /* ModuleManager.cpp in Sources */,
				5E0EEAE916443C4500EF665F /* SystemClock.cpp in Sources */,
				5E0EEAEA16443C4500EF665F /* Thread.cpp in Sources */,
				5E0EEAEB16443C4500EF665F /* Timer.cpp in Sources */,
			);
			runOnlyForDeploymentPostprocessing = 0;
		};
/* End PBXSourcesBuildPhase section */

/* Begin XCBuildConfiguration section */
		5E2620DB16443AC8001A9207 /* Debug */ = {
			isa = XCBuildConfiguration;
			buildSettings = {
				ALWAYS_SEARCH_USER_PATHS = NO;
				CLANG_CXX_LANGUAGE_STANDARD = "gnu++0x";
				CLANG_CXX_LIBRARY = "libc++";
				CLANG_ENABLE_OBJC_ARC = YES;
				CLANG_WARN_EMPTY_BODY = YES;
				CLANG_WARN__DUPLICATE_METHOD_MATCH = YES;
				COPY_PHASE_STRIP = NO;
				GCC_C_LANGUAGE_STANDARD = gnu99;
				GCC_DYNAMIC_NO_PIC = NO;
				GCC_OPTIMIZATION_LEVEL = 0;
				GCC_PREPROCESSOR_DEFINITIONS = (
					"DEBUG=1",
					"$(inherited)",
				);
				GCC_SYMBOLS_PRIVATE_EXTERN = NO;
				GCC_WARN_ABOUT_RETURN_TYPE = YES;
				GCC_WARN_UNINITIALIZED_AUTOS = YES;
				GCC_WARN_UNUSED_VARIABLE = YES;
				IPHONEOS_DEPLOYMENT_TARGET = 6.0;
				SDKROOT = iphoneos;
				TARGETED_DEVICE_FAMILY = 2;
			};
			name = Debug;
		};
		5E2620DC16443AC8001A9207 /* Release */ = {
			isa = XCBuildConfiguration;
			buildSettings = {
				ALWAYS_SEARCH_USER_PATHS = NO;
				CLANG_CXX_LANGUAGE_STANDARD = "gnu++0x";
				CLANG_CXX_LIBRARY = "libc++";
				CLANG_ENABLE_OBJC_ARC = YES;
				CLANG_WARN_EMPTY_BODY = YES;
				CLANG_WARN__DUPLICATE_METHOD_MATCH = YES;
				COPY_PHASE_STRIP = YES;
				GCC_C_LANGUAGE_STANDARD = gnu99;
				GCC_WARN_ABOUT_RETURN_TYPE = YES;
				GCC_WARN_UNINITIALIZED_AUTOS = YES;
				GCC_WARN_UNUSED_VARIABLE = YES;
				IPHONEOS_DEPLOYMENT_TARGET = 6.0;
				SDKROOT = iphoneos;
				TARGETED_DEVICE_FAMILY = 2;
				VALIDATE_PRODUCT = YES;
			};
			name = Release;
		};
		5E2620DE16443AC8001A9207 /* Debug */ = {
			isa = XCBuildConfiguration;
			buildSettings = {
				DSTROOT = /tmp/cclib.dst;
				GCC_PRECOMPILE_PREFIX_HEADER = NO;
				GCC_PREFIX_HEADER = "";
				LIBRARY_SEARCH_PATHS = (
					"$(inherited)",
					"\"$(SRCROOT)/ffmpeg/libs\"",
					"\"$(SRCROOT)/ffmpeg/libs/simulater\"",
				);
				OTHER_LDFLAGS = "-ObjC";
				PRODUCT_NAME = "$(TARGET_NAME)";
				SKIP_INSTALL = YES;
				TARGETED_DEVICE_FAMILY = 2;
				USER_HEADER_SEARCH_PATHS = "$(SOURCE_ROOT)/ffmpeg/include/**";
			};
			name = Debug;
		};
		5E2620DF16443AC8001A9207 /* Release */ = {
			isa = XCBuildConfiguration;
			buildSettings = {
				DSTROOT = /tmp/cclib.dst;
				GCC_PRECOMPILE_PREFIX_HEADER = NO;
				GCC_PREFIX_HEADER = "";
				LIBRARY_SEARCH_PATHS = (
					"$(inherited)",
					"\"$(SRCROOT)/ffmpeg/libs\"",
					"\"$(SRCROOT)/ffmpeg/libs/simulater\"",
				);
				OTHER_LDFLAGS = "-ObjC";
				PRODUCT_NAME = "$(TARGET_NAME)";
				SKIP_INSTALL = YES;
				TARGETED_DEVICE_FAMILY = 2;
				USER_HEADER_SEARCH_PATHS = "$(SOURCE_ROOT)/ffmpeg/include/**";
			};
			name = Release;
		};
/* End XCBuildConfiguration section */

/* Begin XCConfigurationList section */
		5E2620C916443AC8001A9207 /* Build configuration list for PBXProject "cclib" */ = {
			isa = XCConfigurationList;
			buildConfigurations = (
				5E2620DB16443AC8001A9207 /* Debug */,
				5E2620DC16443AC8001A9207 /* Release */,
			);
			defaultConfigurationIsVisible = 0;
			defaultConfigurationName = Release;
		};
		5E2620DD16443AC8001A9207 /* Build configuration list for PBXNativeTarget "cclib" */ = {
			isa = XCConfigurationList;
			buildConfigurations = (
				5E2620DE16443AC8001A9207 /* Debug */,
				5E2620DF16443AC8001A9207 /* Release */,
			);
			defaultConfigurationIsVisible = 0;
			defaultConfigurationName = Release;
		};
/* End XCConfigurationList section */
	};
	rootObject = 5E2620C616443AC8001A9207 /* Project object */;
}
