// !$*UTF8*$!
{
	archiveVersion = 1;
	classes = {
	};
	objectVersion = 46;
	objects = {

/* Begin PBXBuildFile section */
		5E0EEAFB16443C7500EF665F /* CCPlayerRenderView.m in Sources */ = {isa = PBXBuildFile; fileRef = 5E0EEAEE16443C7500EF665F /* CCPlayerRenderView.m */; };
		5E0EEAFC16443C7500EF665F /* CCPlayerViewController.mm in Sources */ = {isa = PBXBuildFile; fileRef = 5E0EEAF016443C7500EF665F /* CCPlayerViewController.mm */; };
		5E0EEAFD16443C7500EF665F /* CCRootViewController.m in Sources */ = {isa = PBXBuildFile; fileRef = 5E0EEAF216443C7500EF665F /* CCRootViewController.m */; };
		5E0EEB0016443C7500EF665F /* PlayerAdapter.mm in Sources */ = {isa = PBXBuildFile; fileRef = 5E0EEAF916443C7500EF665F /* PlayerAdapter.mm */; };
		5E0EEB0216443E0300EF665F /* OpenGLES.framework in Frameworks */ = {isa = PBXBuildFile; fileRef = 5E0EEB0116443E0300EF665F /* OpenGLES.framework */; };
		5E0EEB0416443E0B00EF665F /* OpenAL.framework in Frameworks */ = {isa = PBXBuildFile; fileRef = 5E0EEB0316443E0B00EF665F /* OpenAL.framework */; };
		5E0EEB0616443E1100EF665F /* QuartzCore.framework in Frameworks */ = {isa = PBXBuildFile; fileRef = 5E0EEB0516443E1100EF665F /* QuartzCore.framework */; };
		5E2620A216443AB0001A9207 /* UIKit.framework in Frameworks */ = {isa = PBXBuildFile; fileRef = 5E2620A116443AB0001A9207 /* UIKit.framework */; };
		5E2620A416443AB0001A9207 /* Foundation.framework in Frameworks */ = {isa = PBXBuildFile; fileRef = 5E2620A316443AB0001A9207 /* Foundation.framework */; };
		5E2620A616443AB0001A9207 /* CoreGraphics.framework in Frameworks */ = {isa = PBXBuildFile; fileRef = 5E2620A516443AB0001A9207 /* CoreGraphics.framework */; };
		5E2620AC16443AB0001A9207 /* InfoPlist.strings in Resources */ = {isa = PBXBuildFile; fileRef = 5E2620AA16443AB0001A9207 /* InfoPlist.strings */; };
		5E2620AE16443AB0001A9207 /* main.m in Sources */ = {isa = PBXBuildFile; fileRef = 5E2620AD16443AB0001A9207 /* main.m */; };
		5E2620B216443AB0001A9207 /* CCAppDelegate.m in Sources */ = {isa = PBXBuildFile; fileRef = 5E2620B116443AB0001A9207 /* CCAppDelegate.m */; };
		5E2620B416443AB0001A9207 /* Default.png in Resources */ = {isa = PBXBuildFile; fileRef = 5E2620B316443AB0001A9207 /* Default.png */; };
		5E2620B616443AB0001A9207 /* Default@2x.png in Resources */ = {isa = PBXBuildFile; fileRef = 5E2620B516443AB0001A9207 /* Default@2x.png */; };
		5E2620B816443AB0001A9207 /* Default-568h@2x.png in Resources */ = {isa = PBXBuildFile; fileRef = 5E2620B716443AB0001A9207 /* Default-568h@2x.png */; };
		5E2620BB16443AB0001A9207 /* MainStoryboard.storyboard in Resources */ = {isa = PBXBuildFile; fileRef = 5E2620B916443AB0001A9207 /* MainStoryboard.storyboard */; };
		5E2620E616443AD8001A9207 /* libcclib.a in Frameworks */ = {isa = PBXBuildFile; fileRef = 5E2620E516443AC9001A9207 /* libcclib.a */; };
		5EDC00B8164631FE00B67BC8 /* test.flv in Resources */ = {isa = PBXBuildFile; fileRef = 5EDC00B7164631FE00B67BC8 /* test.flv */; };
		5EDC014E16469C8600B67BC8 /* SimpleFragment.glsl in Resources */ = {isa = PBXBuildFile; fileRef = 5EDC014C16469C8500B67BC8 /* SimpleFragment.glsl */; };
		5EDC014F16469C8600B67BC8 /* SimpleVertex.glsl in Resources */ = {isa = PBXBuildFile; fileRef = 5EDC014D16469C8500B67BC8 /* SimpleVertex.glsl */; };
		5EF2699916450F63001742C0 /* libz.1.2.5.dylib in Frameworks */ = {isa = PBXBuildFile; fileRef = 5EF2699816450F63001742C0 /* libz.1.2.5.dylib */; };
		5EF2699B16450F7F001742C0 /* libbz2.1.0.dylib in Frameworks */ = {isa = PBXBuildFile; fileRef = 5EF2699A16450F7F001742C0 /* libbz2.1.0.dylib */; };
/* End PBXBuildFile section */

/* Begin PBXContainerItemProxy section */
		5E2620E416443AC9001A9207 /* PBXContainerItemProxy */ = {
			isa = PBXContainerItemProxy;
			containerPortal = 5E2620E016443AC8001A9207 /* cclib.xcodeproj */;
			proxyType = 2;
			remoteGlobalIDString = 5E2620CF16443AC8001A9207;
			remoteInfo = cclib;
		};
/* End PBXContainerItemProxy section */

/* Begin PBXFileReference section */
		5E0EEAED16443C7500EF665F /* CCPlayerRenderView.h */ = {isa = PBXFileReference; fileEncoding = 4; lastKnownFileType = sourcecode.c.h; path = CCPlayerRenderView.h; sourceTree = "<group>"; };
		5E0EEAEE16443C7500EF665F /* CCPlayerRenderView.m */ = {isa = PBXFileReference; fileEncoding = 4; lastKnownFileType = sourcecode.c.objc; path = CCPlayerRenderView.m; sourceTree = "<group>"; };
		5E0EEAEF16443C7500EF665F /* CCPlayerViewController.h */ = {isa = PBXFileReference; fileEncoding = 4; lastKnownFileType = sourcecode.c.h; path = CCPlayerViewController.h; sourceTree = "<group>"; };
		5E0EEAF016443C7500EF665F /* CCPlayerViewController.mm */ = {isa = PBXFileReference; fileEncoding = 4; lastKnownFileType = sourcecode.cpp.objcpp; path = CCPlayerViewController.mm; sourceTree = "<group>"; };
		5E0EEAF116443C7500EF665F /* CCRootViewController.h */ = {isa = PBXFileReference; fileEncoding = 4; lastKnownFileType = sourcecode.c.h; path = CCRootViewController.h; sourceTree = "<group>"; };
		5E0EEAF216443C7500EF665F /* CCRootViewController.m */ = {isa = PBXFileReference; fileEncoding = 4; lastKnownFileType = sourcecode.c.objc; path = CCRootViewController.m; sourceTree = "<group>"; };
		5E0EEAF816443C7500EF665F /* PlayerAdapter.h */ = {isa = PBXFileReference; fileEncoding = 4; lastKnownFileType = sourcecode.c.h; path = PlayerAdapter.h; sourceTree = "<group>"; };
		5E0EEAF916443C7500EF665F /* PlayerAdapter.mm */ = {isa = PBXFileReference; fileEncoding = 4; lastKnownFileType = sourcecode.cpp.objcpp; path = PlayerAdapter.mm; sourceTree = "<group>"; };
		5E0EEAFA16443C7500EF665F /* PlayerAdapterProtocol.h */ = {isa = PBXFileReference; fileEncoding = 4; lastKnownFileType = sourcecode.c.h; path = PlayerAdapterProtocol.h; sourceTree = "<group>"; };
		5E0EEB0116443E0300EF665F /* OpenGLES.framework */ = {isa = PBXFileReference; lastKnownFileType = wrapper.framework; name = OpenGLES.framework; path = System/Library/Frameworks/OpenGLES.framework; sourceTree = SDKROOT; };
		5E0EEB0316443E0B00EF665F /* OpenAL.framework */ = {isa = PBXFileReference; lastKnownFileType = wrapper.framework; name = OpenAL.framework; path = System/Library/Frameworks/OpenAL.framework; sourceTree = SDKROOT; };
		5E0EEB0516443E1100EF665F /* QuartzCore.framework */ = {isa = PBXFileReference; lastKnownFileType = wrapper.framework; name = QuartzCore.framework; path = System/Library/Frameworks/QuartzCore.framework; sourceTree = SDKROOT; };
		5E26209D16443AB0001A9207 /* CCPlayerUI-HD.app */ = {isa = PBXFileReference; explicitFileType = wrapper.application; includeInIndex = 0; path = "CCPlayerUI-HD.app"; sourceTree = BUILT_PRODUCTS_DIR; };
		5E2620A116443AB0001A9207 /* UIKit.framework */ = {isa = PBXFileReference; lastKnownFileType = wrapper.framework; name = UIKit.framework; path = System/Library/Frameworks/UIKit.framework; sourceTree = SDKROOT; };
		5E2620A316443AB0001A9207 /* Foundation.framework */ = {isa = PBXFileReference; lastKnownFileType = wrapper.framework; name = Foundation.framework; path = System/Library/Frameworks/Foundation.framework; sourceTree = SDKROOT; };
		5E2620A516443AB0001A9207 /* CoreGraphics.framework */ = {isa = PBXFileReference; lastKnownFileType = wrapper.framework; name = CoreGraphics.framework; path = System/Library/Frameworks/CoreGraphics.framework; sourceTree = SDKROOT; };
		5E2620A916443AB0001A9207 /* CCPlayerUI-HD-Info.plist */ = {isa = PBXFileReference; lastKnownFileType = text.plist.xml; path = "CCPlayerUI-HD-Info.plist"; sourceTree = "<group>"; };
		5E2620AB16443AB0001A9207 /* en */ = {isa = PBXFileReference; lastKnownFileType = text.plist.strings; name = en; path = en.lproj/InfoPlist.strings; sourceTree = "<group>"; };
		5E2620AD16443AB0001A9207 /* main.m */ = {isa = PBXFileReference; lastKnownFileType = sourcecode.c.objc; path = main.m; sourceTree = "<group>"; };
		5E2620AF16443AB0001A9207 /* CCPlayerUI-HD-Prefix.pch */ = {isa = PBXFileReference; lastKnownFileType = sourcecode.c.h; path = "CCPlayerUI-HD-Prefix.pch"; sourceTree = "<group>"; };
		5E2620B016443AB0001A9207 /* CCAppDelegate.h */ = {isa = PBXFileReference; lastKnownFileType = sourcecode.c.h; path = CCAppDelegate.h; sourceTree = "<group>"; };
		5E2620B116443AB0001A9207 /* CCAppDelegate.m */ = {isa = PBXFileReference; lastKnownFileType = sourcecode.c.objc; path = CCAppDelegate.m; sourceTree = "<group>"; };
		5E2620B316443AB0001A9207 /* Default.png */ = {isa = PBXFileReference; lastKnownFileType = image.png; path = Default.png; sourceTree = "<group>"; };
		5E2620B516443AB0001A9207 /* Default@2x.png */ = {isa = PBXFileReference; lastKnownFileType = image.png; path = "Default@2x.png"; sourceTree = "<group>"; };
		5E2620B716443AB0001A9207 /* Default-568h@2x.png */ = {isa = PBXFileReference; lastKnownFileType = image.png; path = "Default-568h@2x.png"; sourceTree = "<group>"; };
		5E2620BA16443AB0001A9207 /* en */ = {isa = PBXFileReference; lastKnownFileType = file.storyboard; name = en; path = en.lproj/MainStoryboard.storyboard; sourceTree = "<group>"; };
		5E2620E016443AC8001A9207 /* cclib.xcodeproj */ = {isa = PBXFileReference; lastKnownFileType = "wrapper.pb-project"; name = cclib.xcodeproj; path = ../cclib/cclib.xcodeproj; sourceTree = "<group>"; };
		5EDC00B7164631FE00B67BC8 /* test.flv */ = {isa = PBXFileReference; lastKnownFileType = file; path = test.flv; sourceTree = "<group>"; };
		5EDC014C16469C8500B67BC8 /* SimpleFragment.glsl */ = {isa = PBXFileReference; fileEncoding = 4; lastKnownFileType = text; path = SimpleFragment.glsl; sourceTree = "<group>"; };
		5EDC014D16469C8500B67BC8 /* SimpleVertex.glsl */ = {isa = PBXFileReference; fileEncoding = 4; lastKnownFileType = text; path = SimpleVertex.glsl; sourceTree = "<group>"; };
		5EF2699816450F63001742C0 /* libz.1.2.5.dylib */ = {isa = PBXFileReference; lastKnownFileType = "compiled.mach-o.dylib"; name = libz.1.2.5.dylib; path = usr/lib/libz.1.2.5.dylib; sourceTree = SDKROOT; };
		5EF2699A16450F7F001742C0 /* libbz2.1.0.dylib */ = {isa = PBXFileReference; lastKnownFileType = "compiled.mach-o.dylib"; name = libbz2.1.0.dylib; path = usr/lib/libbz2.1.0.dylib; sourceTree = SDKROOT; };
/* End PBXFileReference section */

/* Begin PBXFrameworksBuildPhase section */
		5E26209A16443AB0001A9207 /* Frameworks */ = {
			isa = PBXFrameworksBuildPhase;
			buildActionMask = 2147483647;
			files = (
				5EF2699B16450F7F001742C0 /* libbz2.1.0.dylib in Frameworks */,
				5EF2699916450F63001742C0 /* libz.1.2.5.dylib in Frameworks */,
				5E2620E616443AD8001A9207 /* libcclib.a in Frameworks */,
				5E0EEB0616443E1100EF665F /* QuartzCore.framework in Frameworks */,
				5E0EEB0416443E0B00EF665F /* OpenAL.framework in Frameworks */,
				5E0EEB0216443E0300EF665F /* OpenGLES.framework in Frameworks */,
				5E2620A216443AB0001A9207 /* UIKit.framework in Frameworks */,
				5E2620A416443AB0001A9207 /* Foundation.framework in Frameworks */,
				5E2620A616443AB0001A9207 /* CoreGraphics.framework in Frameworks */,
			);
			runOnlyForDeploymentPostprocessing = 0;
		};
/* End PBXFrameworksBuildPhase section */

/* Begin PBXGroup section */
		5E0EEB5916444D0000EF665F /* ViewControllers */ = {
			isa = PBXGroup;
			children = (
				5E0EEAEF16443C7500EF665F /* CCPlayerViewController.h */,
				5E0EEAF016443C7500EF665F /* CCPlayerViewController.mm */,
				5E0EEAF116443C7500EF665F /* CCRootViewController.h */,
				5E0EEAF216443C7500EF665F /* CCRootViewController.m */,
			);
			name = ViewControllers;
			sourceTree = "<group>";
		};
		5E0EEB5A16444D1900EF665F /* PlayerLayer */ = {
			isa = PBXGroup;
			children = (
				5E0EEAED16443C7500EF665F /* CCPlayerRenderView.h */,
				5E0EEAEE16443C7500EF665F /* CCPlayerRenderView.m */,
				5E0EEAF816443C7500EF665F /* PlayerAdapter.h */,
				5E0EEAF916443C7500EF665F /* PlayerAdapter.mm */,
				5E0EEAFA16443C7500EF665F /* PlayerAdapterProtocol.h */,
			);
			name = PlayerLayer;
			sourceTree = "<group>";
		};
		5E0EEB5B16444D3F00EF665F /* StoryBoard */ = {
			isa = PBXGroup;
			children = (
				5E2620B916443AB0001A9207 /* MainStoryboard.storyboard */,
			);
			name = StoryBoard;
			sourceTree = "<group>";
		};
		5E26209216443AB0001A9207 = {
			isa = PBXGroup;
			children = (
				5E2620A716443AB0001A9207 /* CCPlayerUI-HD */,
				5E2620A016443AB0001A9207 /* Frameworks */,
				5E26209E16443AB0001A9207 /* Products */,
			);
			sourceTree = "<group>";
		};
		5E26209E16443AB0001A9207 /* Products */ = {
			isa = PBXGroup;
			children = (
				5E26209D16443AB0001A9207 /* CCPlayerUI-HD.app */,
			);
			name = Products;
			sourceTree = "<group>";
		};
		5E2620A016443AB0001A9207 /* Frameworks */ = {
			isa = PBXGroup;
			children = (
				5EF2699A16450F7F001742C0 /* libbz2.1.0.dylib */,
				5EF2699816450F63001742C0 /* libz.1.2.5.dylib */,
				5E0EEB0516443E1100EF665F /* QuartzCore.framework */,
				5E0EEB0316443E0B00EF665F /* OpenAL.framework */,
				5E0EEB0116443E0300EF665F /* OpenGLES.framework */,
				5E2620A116443AB0001A9207 /* UIKit.framework */,
				5E2620A316443AB0001A9207 /* Foundation.framework */,
				5E2620A516443AB0001A9207 /* CoreGraphics.framework */,
				5E2620E016443AC8001A9207 /* cclib.xcodeproj */,
			);
			name = Frameworks;
			sourceTree = "<group>";
		};
		5E2620A716443AB0001A9207 /* CCPlayerUI-HD */ = {
			isa = PBXGroup;
			children = (
				5E0EEB5916444D0000EF665F /* ViewControllers */,
				5E0EEB5B16444D3F00EF665F /* StoryBoard */,
				5E0EEB5A16444D1900EF665F /* PlayerLayer */,
				5E2620B016443AB0001A9207 /* CCAppDelegate.h */,
				5E2620B116443AB0001A9207 /* CCAppDelegate.m */,
				5E2620A816443AB0001A9207 /* Supporting Files */,
			);
			path = "CCPlayerUI-HD";
			sourceTree = "<group>";
		};
		5E2620A816443AB0001A9207 /* Supporting Files */ = {
			isa = PBXGroup;
			children = (
				5EDC014C16469C8500B67BC8 /* SimpleFragment.glsl */,
				5EDC014D16469C8500B67BC8 /* SimpleVertex.glsl */,
				5EDC00B7164631FE00B67BC8 /* test.flv */,
				5E2620A916443AB0001A9207 /* CCPlayerUI-HD-Info.plist */,
				5E2620AA16443AB0001A9207 /* InfoPlist.strings */,
				5E2620AD16443AB0001A9207 /* main.m */,
				5E2620AF16443AB0001A9207 /* CCPlayerUI-HD-Prefix.pch */,
				5E2620B316443AB0001A9207 /* Default.png */,
				5E2620B516443AB0001A9207 /* Default@2x.png */,
				5E2620B716443AB0001A9207 /* Default-568h@2x.png */,
			);
			name = "Supporting Files";
			sourceTree = "<group>";
		};
		5E2620E116443AC8001A9207 /* Products */ = {
			isa = PBXGroup;
			children = (
				5E2620E516443AC9001A9207 /* libcclib.a */,
			);
			name = Products;
			sourceTree = "<group>";
		};
/* End PBXGroup section */

/* Begin PBXNativeTarget section */
		5E26209C16443AB0001A9207 /* CCPlayerUI-HD */ = {
			isa = PBXNativeTarget;
			buildConfigurationList = 5E2620C116443AB0001A9207 /* Build configuration list for PBXNativeTarget "CCPlayerUI-HD" */;
			buildPhases = (
				5E26209916443AB0001A9207 /* Sources */,
				5E26209A16443AB0001A9207 /* Frameworks */,
				5E26209B16443AB0001A9207 /* Resources */,
			);
			buildRules = (
			);
			dependencies = (
			);
			name = "CCPlayerUI-HD";
			productName = "CCPlayerUI-HD";
			productReference = 5E26209D16443AB0001A9207 /* CCPlayerUI-HD.app */;
			productType = "com.apple.product-type.application";
		};
/* End PBXNativeTarget section */

/* Begin PBXProject section */
		5E26209416443AB0001A9207 /* Project object */ = {
			isa = PBXProject;
			attributes = {
				CLASSPREFIX = CC;
				LastUpgradeCheck = 0450;
				ORGANIZATIONNAME = cc;
			};
			buildConfigurationList = 5E26209716443AB0001A9207 /* Build configuration list for PBXProject "CCPlayerUI-HD" */;
			compatibilityVersion = "Xcode 3.2";
			developmentRegion = English;
			hasScannedForEncodings = 0;
			knownRegions = (
				en,
			);
			mainGroup = 5E26209216443AB0001A9207;
			productRefGroup = 5E26209E16443AB0001A9207 /* Products */;
			projectDirPath = "";
			projectReferences = (
				{
					ProductGroup = 5E2620E116443AC8001A9207 /* Products */;
					ProjectRef = 5E2620E016443AC8001A9207 /* cclib.xcodeproj */;
				},
			);
			projectRoot = "";
			targets = (
				5E26209C16443AB0001A9207 /* CCPlayerUI-HD */,
			);
		};
/* End PBXProject section */

/* Begin PBXReferenceProxy section */
		5E2620E516443AC9001A9207 /* libcclib.a */ = {
			isa = PBXReferenceProxy;
			fileType = archive.ar;
			path = libcclib.a;
			remoteRef = 5E2620E416443AC9001A9207 /* PBXContainerItemProxy */;
			sourceTree = BUILT_PRODUCTS_DIR;
		};
/* End PBXReferenceProxy section */

/* Begin PBXResourcesBuildPhase section */
		5E26209B16443AB0001A9207 /* Resources */ = {
			isa = PBXResourcesBuildPhase;
			buildActionMask = 2147483647;
			files = (
				5E2620AC16443AB0001A9207 /* InfoPlist.strings in Resources */,
				5E2620B416443AB0001A9207 /* Default.png in Resources */,
				5E2620B616443AB0001A9207 /* Default@2x.png in Resources */,
				5E2620B816443AB0001A9207 /* Default-568h@2x.png in Resources */,
				5E2620BB16443AB0001A9207 /* MainStoryboard.storyboard in Resources */,
				5EDC00B8164631FE00B67BC8 /* test.flv in Resources */,
				5EDC014E16469C8600B67BC8 /* SimpleFragment.glsl in Resources */,
				5EDC014F16469C8600B67BC8 /* SimpleVertex.glsl in Resources */,
			);
			runOnlyForDeploymentPostprocessing = 0;
		};
/* End PBXResourcesBuildPhase section */

/* Begin PBXSourcesBuildPhase section */
		5E26209916443AB0001A9207 /* Sources */ = {
			isa = PBXSourcesBuildPhase;
			buildActionMask = 2147483647;
			files = (
				5E2620AE16443AB0001A9207 /* main.m in Sources */,
				5E2620B216443AB0001A9207 /* CCAppDelegate.m in Sources */,
				5E0EEAFB16443C7500EF665F /* CCPlayerRenderView.m in Sources */,
				5E0EEAFC16443C7500EF665F /* CCPlayerViewController.mm in Sources */,
				5E0EEAFD16443C7500EF665F /* CCRootViewController.m in Sources */,
				5E0EEB0016443C7500EF665F /* PlayerAdapter.mm in Sources */,
			);
			runOnlyForDeploymentPostprocessing = 0;
		};
/* End PBXSourcesBuildPhase section */

/* Begin PBXVariantGroup section */
		5E2620AA16443AB0001A9207 /* InfoPlist.strings */ = {
			isa = PBXVariantGroup;
			children = (
				5E2620AB16443AB0001A9207 /* en */,
			);
			name = InfoPlist.strings;
			sourceTree = "<group>";
		};
		5E2620B916443AB0001A9207 /* MainStoryboard.storyboard */ = {
			isa = PBXVariantGroup;
			children = (
				5E2620BA16443AB0001A9207 /* en */,
			);
			name = MainStoryboard.storyboard;
			sourceTree = "<group>";
		};
/* End PBXVariantGroup section */

/* Begin XCBuildConfiguration section */
		5E2620BF16443AB0001A9207 /* Debug */ = {
			isa = XCBuildConfiguration;
			buildSettings = {
				ALWAYS_SEARCH_USER_PATHS = NO;
				CLANG_CXX_LANGUAGE_STANDARD = "gnu++0x";
				CLANG_CXX_LIBRARY = "libc++";
				CLANG_ENABLE_OBJC_ARC = YES;
				CLANG_WARN_EMPTY_BODY = YES;
				CLANG_WARN__DUPLICATE_METHOD_MATCH = YES;
				"CODE_SIGN_IDENTITY[sdk=iphoneos*]" = "iPhone Developer";
				COPY_PHASE_STRIP = NO;
				GCC_C_LANGUAGE_STANDARD = gnu99;
				GCC_DYNAMIC_NO_PIC = NO;
				GCC_OPTIMIZATION_LEVEL = 0;
				GCC_PREPROCESSOR_DEFINITIONS = (
					"DEBUG=1",
					"$(inherited)",
				);
				GCC_SYMBOLS_PRIVATE_EXTERN = NO;
				GCC_WARN_ABOUT_RETURN_TYPE = YES;
				GCC_WARN_UNINITIALIZED_AUTOS = YES;
				GCC_WARN_UNUSED_VARIABLE = YES;
				IPHONEOS_DEPLOYMENT_TARGET = 6.0;
				SDKROOT = iphoneos;
				TARGETED_DEVICE_FAMILY = 2;
				USER_HEADER_SEARCH_PATHS = "$(SOURCE_ROOT)/../cclib/include/** $(SOURCE_ROOT)/../cclib/ffmpeg/include/**";
			};
			name = Debug;
		};
		5E2620C016443AB0001A9207 /* Release */ = {
			isa = XCBuildConfiguration;
			buildSettings = {
				ALWAYS_SEARCH_USER_PATHS = NO;
				CLANG_CXX_LANGUAGE_STANDARD = "gnu++0x";
				CLANG_CXX_LIBRARY = "libc++";
				CLANG_ENABLE_OBJC_ARC = YES;
				CLANG_WARN_EMPTY_BODY = YES;
				CLANG_WARN__DUPLICATE_METHOD_MATCH = YES;
				"CODE_SIGN_IDENTITY[sdk=iphoneos*]" = "iPhone Developer";
				COPY_PHASE_STRIP = YES;
				GCC_C_LANGUAGE_STANDARD = gnu99;
				GCC_WARN_ABOUT_RETURN_TYPE = YES;
				GCC_WARN_UNINITIALIZED_AUTOS = YES;
				GCC_WARN_UNUSED_VARIABLE = YES;
				IPHONEOS_DEPLOYMENT_TARGET = 6.0;
				OTHER_CFLAGS = "-DNS_BLOCK_ASSERTIONS=1";
				SDKROOT = iphoneos;
				TARGETED_DEVICE_FAMILY = 2;
				USER_HEADER_SEARCH_PATHS = "$(SOURCE_ROOT)/../cclib/include/** $(SOURCE_ROOT)/../cclib/ffmpeg/include/**";
				VALIDATE_PRODUCT = YES;
			};
			name = Release;
		};
		5E2620C216443AB0001A9207 /* Debug */ = {
			isa = XCBuildConfiguration;
			buildSettings = {
				GCC_PRECOMPILE_PREFIX_HEADER = YES;
				GCC_PREFIX_HEADER = "CCPlayerUI-HD/CCPlayerUI-HD-Prefix.pch";
				INFOPLIST_FILE = "CCPlayerUI-HD/CCPlayerUI-HD-Info.plist";
				LIBRARY_SEARCH_PATHS = (
					"$(inherited)",
					"\"$(SRCROOT)/../cclib/ffmpeg/libs\"",
					"\"$(SRCROOT)/../cclib/ffmpeg/libs/simulater\"",
					"\"$(SRCROOT)/../cclib/ffmpeg/libs/device\"",
				);
				PRODUCT_NAME = "$(TARGET_NAME)";
				WRAPPER_EXTENSION = app;
			};
			name = Debug;
		};
		5E2620C316443AB0001A9207 /* Release */ = {
			isa = XCBuildConfiguration;
			buildSettings = {
				GCC_PRECOMPILE_PREFIX_HEADER = YES;
				GCC_PREFIX_HEADER = "CCPlayerUI-HD/CCPlayerUI-HD-Prefix.pch";
				INFOPLIST_FILE = "CCPlayerUI-HD/CCPlayerUI-HD-Info.plist";
				LIBRARY_SEARCH_PATHS = (
					"$(inherited)",
					"\"$(SRCROOT)/../cclib/ffmpeg/libs\"",
					"\"$(SRCROOT)/../cclib/ffmpeg/libs/simulater\"",
					"\"$(SRCROOT)/../cclib/ffmpeg/libs/device\"",
				);
				PRODUCT_NAME = "$(TARGET_NAME)";
				WRAPPER_EXTENSION = app;
			};
			name = Release;
		};
/* End XCBuildConfiguration section */

/* Begin XCConfigurationList section */
		5E26209716443AB0001A9207 /* Build configuration list for PBXProject "CCPlayerUI-HD" */ = {
			isa = XCConfigurationList;
			buildConfigurations = (
				5E2620BF16443AB0001A9207 /* Debug */,
				5E2620C016443AB0001A9207 /* Release */,
			);
			defaultConfigurationIsVisible = 0;
			defaultConfigurationName = Release;
		};
		5E2620C116443AB0001A9207 /* Build configuration list for PBXNativeTarget "CCPlayerUI-HD" */ = {
			isa = XCConfigurationList;
			buildConfigurations = (
				5E2620C216443AB0001A9207 /* Debug */,
				5E2620C316443AB0001A9207 /* Release */,
			);
			defaultConfigurationIsVisible = 0;
			defaultConfigurationName = Release;
		};
/* End XCConfigurationList section */
	};
	rootObject = 5E26209416443AB0001A9207 /* Project object */;
}
