// !$*UTF8*$!
{
	archiveVersion = 1;
	classes = {
	};
	objectVersion = 46;
	objects = {

/* Begin PBXBuildFile section */
		5E1C3C73164A8D59005F6917 /* CCPlayerHeaderView.m in Sources */ = {isa = PBXBuildFile; fileRef = 5E1C3C72164A8D59005F6917 /* CCPlayerHeaderView.m */; };
		5E1C3C76164A8D73005F6917 /* CCPlayerFooterView.m in Sources */ = {isa = PBXBuildFile; fileRef = 5E1C3C75164A8D73005F6917 /* CCPlayerFooterView.m */; };
		5E1C3C79164A9107005F6917 /* CCPlayerMaskView.m in Sources */ = {isa = PBXBuildFile; fileRef = 5E1C3C78164A9106005F6917 /* CCPlayerMaskView.m */; };
		5E1C3C7F164A950E005F6917 /* Default-568h@2x.png in Resources */ = {isa = PBXBuildFile; fileRef = 5E1C3C7B164A950E005F6917 /* Default-568h@2x.png */; };
		5E1C3C80164A950E005F6917 /* Default.png in Resources */ = {isa = PBXBuildFile; fileRef = 5E1C3C7C164A950E005F6917 /* Default.png */; };
		5E1C3C81164A950E005F6917 /* Default@2x.png in Resources */ = {isa = PBXBuildFile; fileRef = 5E1C3C7D164A950E005F6917 /* Default@2x.png */; };
		5E1C3C82164A950E005F6917 /* icon.png in Resources */ = {isa = PBXBuildFile; fileRef = 5E1C3C7E164A950E005F6917 /* icon.png */; };
		5E1C3C86164A954C005F6917 /* test.flv in Resources */ = {isa = PBXBuildFile; fileRef = 5E1C3C85164A954C005F6917 /* test.flv */; };
		5E1C3C89164A95BB005F6917 /* MainStoryboard.storyboard in Resources */ = {isa = PBXBuildFile; fileRef = 5E1C3C87164A95BB005F6917 /* MainStoryboard.storyboard */; };
		5E1C3C8D164A95D5005F6917 /* CCPlayerUI-HD-Info.plist in Resources */ = {isa = PBXBuildFile; fileRef = 5E1C3C8B164A95D5005F6917 /* CCPlayerUI-HD-Info.plist */; };
		5E1C3C90164A95F2005F6917 /* InfoPlist.strings in Resources */ = {isa = PBXBuildFile; fileRef = 5E1C3C8E164A95F2005F6917 /* InfoPlist.strings */; };
		5E1C3C94164A9D41005F6917 /* header_bg_left.png in Resources */ = {isa = PBXBuildFile; fileRef = 5E1C3C91164A9D41005F6917 /* header_bg_left.png */; };
		5E1C3C96164A9D41005F6917 /* header_bg_right.png in Resources */ = {isa = PBXBuildFile; fileRef = 5E1C3C93164A9D41005F6917 /* header_bg_right.png */; };
		5E1C3C9A164A9F3F005F6917 /* footer_bg_left.png in Resources */ = {isa = PBXBuildFile; fileRef = 5E1C3C97164A9F3E005F6917 /* footer_bg_left.png */; };
		5E1C3C9C164A9F3F005F6917 /* footer_bg_right.png in Resources */ = {isa = PBXBuildFile; fileRef = 5E1C3C99164A9F3F005F6917 /* footer_bg_right.png */; };
		5E5482811648FD9100BD080D /* OpenAL.framework in Frameworks */ = {isa = PBXBuildFile; fileRef = 5E5482801648FD9100BD080D /* OpenAL.framework */; };
		5E5482831648FD9800BD080D /* OpenGLES.framework in Frameworks */ = {isa = PBXBuildFile; fileRef = 5E5482821648FD9800BD080D /* OpenGLES.framework */; };
		5E5482851648FD9C00BD080D /* QuartzCore.framework in Frameworks */ = {isa = PBXBuildFile; fileRef = 5E5482841648FD9C00BD080D /* QuartzCore.framework */; };
		5E5482911648FDEA00BD080D /* libbz2.1.0.dylib in Frameworks */ = {isa = PBXBuildFile; fileRef = 5E5482901648FDEA00BD080D /* libbz2.1.0.dylib */; };
		5E5482931648FDF400BD080D /* libz.1.2.5.dylib in Frameworks */ = {isa = PBXBuildFile; fileRef = 5E5482921648FDF400BD080D /* libz.1.2.5.dylib */; };
		5E5FA1571648F4FD004BB07D /* UIKit.framework in Frameworks */ = {isa = PBXBuildFile; fileRef = 5E5FA1561648F4FD004BB07D /* UIKit.framework */; };
		5E5FA1591648F4FD004BB07D /* Foundation.framework in Frameworks */ = {isa = PBXBuildFile; fileRef = 5E5FA1581648F4FD004BB07D /* Foundation.framework */; };
		5E5FA15B1648F4FD004BB07D /* CoreGraphics.framework in Frameworks */ = {isa = PBXBuildFile; fileRef = 5E5FA15A1648F4FD004BB07D /* CoreGraphics.framework */; };
		5E5FA1631648F4FD004BB07D /* main.m in Sources */ = {isa = PBXBuildFile; fileRef = 5E5FA1621648F4FD004BB07D /* main.m */; };
		5E5FA1671648F4FD004BB07D /* CCAppDelegate.m in Sources */ = {isa = PBXBuildFile; fileRef = 5E5FA1661648F4FD004BB07D /* CCAppDelegate.m */; };
		5E5FA1801648F573004BB07D /* CCPlayerRenderView.m in Sources */ = {isa = PBXBuildFile; fileRef = 5E5FA1741648F573004BB07D /* CCPlayerRenderView.m */; };
		5E5FA1811648F573004BB07D /* CCPlayerViewController.mm in Sources */ = {isa = PBXBuildFile; fileRef = 5E5FA1761648F573004BB07D /* CCPlayerViewController.mm */; };
		5E5FA1821648F573004BB07D /* CCRootViewController.m in Sources */ = {isa = PBXBuildFile; fileRef = 5E5FA1781648F573004BB07D /* CCRootViewController.m */; };
		5E5FA1861648F573004BB07D /* PlayerAdapter.mm in Sources */ = {isa = PBXBuildFile; fileRef = 5E5FA17D1648F573004BB07D /* PlayerAdapter.mm */; };
		5ED70DE71649678C00AD3195 /* libcclib.a in Frameworks */ = {isa = PBXBuildFile; fileRef = 5E7910771649235D00168F5F /* libcclib.a */; };
		5EE5650E164AB814009E8E89 /* libavcodec.a in Frameworks */ = {isa = PBXBuildFile; fileRef = 5EE56509164AB814009E8E89 /* libavcodec.a */; };
		5EE5650F164AB814009E8E89 /* libavdevice.a in Frameworks */ = {isa = PBXBuildFile; fileRef = 5EE5650A164AB814009E8E89 /* libavdevice.a */; };
		5EE56510164AB814009E8E89 /* libavformat.a in Frameworks */ = {isa = PBXBuildFile; fileRef = 5EE5650B164AB814009E8E89 /* libavformat.a */; };
		5EE56511164AB814009E8E89 /* libavutil.a in Frameworks */ = {isa = PBXBuildFile; fileRef = 5EE5650C164AB814009E8E89 /* libavutil.a */; };
		5EE56512164AB814009E8E89 /* libswscale.a in Frameworks */ = {isa = PBXBuildFile; fileRef = 5EE5650D164AB814009E8E89 /* libswscale.a */; };
		5EE56550164ABA78009E8E89 /* return_holdover.png in Resources */ = {isa = PBXBuildFile; fileRef = 5EE5654E164ABA78009E8E89 /* return_holdover.png */; };
		5EE56551164ABA78009E8E89 /* return_normal.png in Resources */ = {isa = PBXBuildFile; fileRef = 5EE5654F164ABA78009E8E89 /* return_normal.png */; };
/* End PBXBuildFile section */

/* Begin PBXContainerItemProxy section */
		5E7910761649235D00168F5F /* PBXContainerItemProxy */ = {
			isa = PBXContainerItemProxy;
			containerPortal = 5E5482371648FAB400BD080D /* cclib.xcodeproj */;
			proxyType = 2;
			remoteGlobalIDString = 5E5FA1931648F61E004BB07D;
			remoteInfo = cclib;
		};
/* End PBXContainerItemProxy section */

/* Begin PBXFileReference section */
		5E1C3C71164A8D59005F6917 /* CCPlayerHeaderView.h */ = {isa = PBXFileReference; fileEncoding = 4; lastKnownFileType = sourcecode.c.h; path = CCPlayerHeaderView.h; sourceTree = "<group>"; };
		5E1C3C72164A8D59005F6917 /* CCPlayerHeaderView.m */ = {isa = PBXFileReference; fileEncoding = 4; lastKnownFileType = sourcecode.c.objc; path = CCPlayerHeaderView.m; sourceTree = "<group>"; };
		5E1C3C74164A8D73005F6917 /* CCPlayerFooterView.h */ = {isa = PBXFileReference; fileEncoding = 4; lastKnownFileType = sourcecode.c.h; path = CCPlayerFooterView.h; sourceTree = "<group>"; };
		5E1C3C75164A8D73005F6917 /* CCPlayerFooterView.m */ = {isa = PBXFileReference; fileEncoding = 4; lastKnownFileType = sourcecode.c.objc; path = CCPlayerFooterView.m; sourceTree = "<group>"; };
		5E1C3C77164A9106005F6917 /* CCPlayerMaskView.h */ = {isa = PBXFileReference; fileEncoding = 4; lastKnownFileType = sourcecode.c.h; path = CCPlayerMaskView.h; sourceTree = "<group>"; };
		5E1C3C78164A9106005F6917 /* CCPlayerMaskView.m */ = {isa = PBXFileReference; fileEncoding = 4; lastKnownFileType = sourcecode.c.objc; path = CCPlayerMaskView.m; sourceTree = "<group>"; };
		5E1C3C7B164A950E005F6917 /* Default-568h@2x.png */ = {isa = PBXFileReference; lastKnownFileType = image.png; name = "Default-568h@2x.png"; path = "ApplicationIcons/Default-568h@2x.png"; sourceTree = "<group>"; };
		5E1C3C7C164A950E005F6917 /* Default.png */ = {isa = PBXFileReference; lastKnownFileType = image.png; name = Default.png; path = ApplicationIcons/Default.png; sourceTree = "<group>"; };
		5E1C3C7D164A950E005F6917 /* Default@2x.png */ = {isa = PBXFileReference; lastKnownFileType = image.png; name = "Default@2x.png"; path = "ApplicationIcons/Default@2x.png"; sourceTree = "<group>"; };
		5E1C3C7E164A950E005F6917 /* icon.png */ = {isa = PBXFileReference; lastKnownFileType = image.png; name = icon.png; path = ApplicationIcons/icon.png; sourceTree = "<group>"; };
		5E1C3C85164A954C005F6917 /* test.flv */ = {isa = PBXFileReference; lastKnownFileType = file; name = test.flv; path = MediaFiles/test.flv; sourceTree = "<group>"; };
		5E1C3C88164A95BB005F6917 /* en */ = {isa = PBXFileReference; lastKnownFileType = file.storyboard; name = en; path = ApplicationInfos/en.lproj/MainStoryboard.storyboard; sourceTree = "<group>"; };
		5E1C3C8B164A95D5005F6917 /* CCPlayerUI-HD-Info.plist */ = {isa = PBXFileReference; fileEncoding = 4; lastKnownFileType = text.plist.xml; name = "CCPlayerUI-HD-Info.plist"; path = "ApplicationInfos/CCPlayerUI-HD-Info.plist"; sourceTree = "<group>"; };
		5E1C3C8C164A95D5005F6917 /* CCPlayerUI-HD-Prefix.pch */ = {isa = PBXFileReference; fileEncoding = 4; lastKnownFileType = sourcecode.c.h; name = "CCPlayerUI-HD-Prefix.pch"; path = "ApplicationInfos/CCPlayerUI-HD-Prefix.pch"; sourceTree = "<group>"; };
		5E1C3C8F164A95F2005F6917 /* en */ = {isa = PBXFileReference; lastKnownFileType = text.plist.strings; name = en; path = ApplicationInfos/en.lproj/InfoPlist.strings; sourceTree = "<group>"; };
		5E1C3C91164A9D41005F6917 /* header_bg_left.png */ = {isa = PBXFileReference; lastKnownFileType = image.png; name = header_bg_left.png; path = DecorateImges/header_bg_left.png; sourceTree = "<group>"; };
		5E1C3C93164A9D41005F6917 /* header_bg_right.png */ = {isa = PBXFileReference; lastKnownFileType = image.png; name = header_bg_right.png; path = DecorateImges/header_bg_right.png; sourceTree = "<group>"; };
		5E1C3C97164A9F3E005F6917 /* footer_bg_left.png */ = {isa = PBXFileReference; lastKnownFileType = image.png; name = footer_bg_left.png; path = DecorateImges/footer_bg_left.png; sourceTree = "<group>"; };
		5E1C3C99164A9F3F005F6917 /* footer_bg_right.png */ = {isa = PBXFileReference; lastKnownFileType = image.png; name = footer_bg_right.png; path = DecorateImges/footer_bg_right.png; sourceTree = "<group>"; };
		5E1C3C9D164AA48B005F6917 /* ViewInterContactProtocals.h */ = {isa = PBXFileReference; fileEncoding = 4; lastKnownFileType = sourcecode.c.h; path = ViewInterContactProtocals.h; sourceTree = "<group>"; };
		5E5482371648FAB400BD080D /* cclib.xcodeproj */ = {isa = PBXFileReference; lastKnownFileType = "wrapper.pb-project"; name = cclib.xcodeproj; path = ../cclib/cclib.xcodeproj; sourceTree = "<group>"; };
		5E5482801648FD9100BD080D /* OpenAL.framework */ = {isa = PBXFileReference; lastKnownFileType = wrapper.framework; name = OpenAL.framework; path = System/Library/Frameworks/OpenAL.framework; sourceTree = SDKROOT; };
		5E5482821648FD9800BD080D /* OpenGLES.framework */ = {isa = PBXFileReference; lastKnownFileType = wrapper.framework; name = OpenGLES.framework; path = System/Library/Frameworks/OpenGLES.framework; sourceTree = SDKROOT; };
		5E5482841648FD9C00BD080D /* QuartzCore.framework */ = {isa = PBXFileReference; lastKnownFileType = wrapper.framework; name = QuartzCore.framework; path = System/Library/Frameworks/QuartzCore.framework; sourceTree = SDKROOT; };
		5E5482901648FDEA00BD080D /* libbz2.1.0.dylib */ = {isa = PBXFileReference; lastKnownFileType = "compiled.mach-o.dylib"; name = libbz2.1.0.dylib; path = usr/lib/libbz2.1.0.dylib; sourceTree = SDKROOT; };
		5E5482921648FDF400BD080D /* libz.1.2.5.dylib */ = {isa = PBXFileReference; lastKnownFileType = "compiled.mach-o.dylib"; name = libz.1.2.5.dylib; path = usr/lib/libz.1.2.5.dylib; sourceTree = SDKROOT; };
		5E5FA1521648F4FD004BB07D /* CCPlayerUI-HD.app */ = {isa = PBXFileReference; explicitFileType = wrapper.application; includeInIndex = 0; path = "CCPlayerUI-HD.app"; sourceTree = BUILT_PRODUCTS_DIR; };
		5E5FA1561648F4FD004BB07D /* UIKit.framework */ = {isa = PBXFileReference; lastKnownFileType = wrapper.framework; name = UIKit.framework; path = System/Library/Frameworks/UIKit.framework; sourceTree = SDKROOT; };
		5E5FA1581648F4FD004BB07D /* Foundation.framework */ = {isa = PBXFileReference; lastKnownFileType = wrapper.framework; name = Foundation.framework; path = System/Library/Frameworks/Foundation.framework; sourceTree = SDKROOT; };
		5E5FA15A1648F4FD004BB07D /* CoreGraphics.framework */ = {isa = PBXFileReference; lastKnownFileType = wrapper.framework; name = CoreGraphics.framework; path = System/Library/Frameworks/CoreGraphics.framework; sourceTree = SDKROOT; };
		5E5FA1621648F4FD004BB07D /* main.m */ = {isa = PBXFileReference; lastKnownFileType = sourcecode.c.objc; path = main.m; sourceTree = "<group>"; };
		5E5FA1651648F4FD004BB07D /* CCAppDelegate.h */ = {isa = PBXFileReference; lastKnownFileType = sourcecode.c.h; path = CCAppDelegate.h; sourceTree = "<group>"; };
		5E5FA1661648F4FD004BB07D /* CCAppDelegate.m */ = {isa = PBXFileReference; lastKnownFileType = sourcecode.c.objc; path = CCAppDelegate.m; sourceTree = "<group>"; };
		5E5FA1731648F573004BB07D /* CCPlayerRenderView.h */ = {isa = PBXFileReference; fileEncoding = 4; lastKnownFileType = sourcecode.c.h; path = CCPlayerRenderView.h; sourceTree = "<group>"; };
		5E5FA1741648F573004BB07D /* CCPlayerRenderView.m */ = {isa = PBXFileReference; fileEncoding = 4; lastKnownFileType = sourcecode.c.objc; path = CCPlayerRenderView.m; sourceTree = "<group>"; };
		5E5FA1751648F573004BB07D /* CCPlayerViewController.h */ = {isa = PBXFileReference; fileEncoding = 4; lastKnownFileType = sourcecode.c.h; path = CCPlayerViewController.h; sourceTree = "<group>"; };
		5E5FA1761648F573004BB07D /* CCPlayerViewController.mm */ = {isa = PBXFileReference; fileEncoding = 4; lastKnownFileType = sourcecode.cpp.objcpp; path = CCPlayerViewController.mm; sourceTree = "<group>"; };
		5E5FA1771648F573004BB07D /* CCRootViewController.h */ = {isa = PBXFileReference; fileEncoding = 4; lastKnownFileType = sourcecode.c.h; path = CCRootViewController.h; sourceTree = "<group>"; };
		5E5FA1781648F573004BB07D /* CCRootViewController.m */ = {isa = PBXFileReference; fileEncoding = 4; lastKnownFileType = sourcecode.c.objc; path = CCRootViewController.m; sourceTree = "<group>"; };
		5E5FA17C1648F573004BB07D /* PlayerAdapter.h */ = {isa = PBXFileReference; fileEncoding = 4; lastKnownFileType = sourcecode.c.h; path = PlayerAdapter.h; sourceTree = "<group>"; };
		5E5FA17D1648F573004BB07D /* PlayerAdapter.mm */ = {isa = PBXFileReference; fileEncoding = 4; lastKnownFileType = sourcecode.cpp.objcpp; path = PlayerAdapter.mm; sourceTree = "<group>"; };
		5E5FA17E1648F573004BB07D /* PlayerAdapterProtocol.h */ = {isa = PBXFileReference; fileEncoding = 4; lastKnownFileType = sourcecode.c.h; path = PlayerAdapterProtocol.h; sourceTree = "<group>"; };
		5EE56509164AB814009E8E89 /* libavcodec.a */ = {isa = PBXFileReference; lastKnownFileType = archive.ar; name = libavcodec.a; path = ../ffmpeg/libs/simulater/libavcodec.a; sourceTree = "<group>"; };
		5EE5650A164AB814009E8E89 /* libavdevice.a */ = {isa = PBXFileReference; lastKnownFileType = archive.ar; name = libavdevice.a; path = ../ffmpeg/libs/simulater/libavdevice.a; sourceTree = "<group>"; };
		5EE5650B164AB814009E8E89 /* libavformat.a */ = {isa = PBXFileReference; lastKnownFileType = archive.ar; name = libavformat.a; path = ../ffmpeg/libs/simulater/libavformat.a; sourceTree = "<group>"; };
		5EE5650C164AB814009E8E89 /* libavutil.a */ = {isa = PBXFileReference; lastKnownFileType = archive.ar; name = libavutil.a; path = ../ffmpeg/libs/simulater/libavutil.a; sourceTree = "<group>"; };
		5EE5650D164AB814009E8E89 /* libswscale.a */ = {isa = PBXFileReference; lastKnownFileType = archive.ar; name = libswscale.a; path = ../ffmpeg/libs/simulater/libswscale.a; sourceTree = "<group>"; };
		5EE5654E164ABA78009E8E89 /* return_holdover.png */ = {isa = PBXFileReference; lastKnownFileType = image.png; name = return_holdover.png; path = DecorateImges/return_holdover.png; sourceTree = "<group>"; };
		5EE5654F164ABA78009E8E89 /* return_normal.png */ = {isa = PBXFileReference; lastKnownFileType = image.png; name = return_normal.png; path = DecorateImges/return_normal.png; sourceTree = "<group>"; };
/* End PBXFileReference section */

/* Begin PBXFrameworksBuildPhase section */
		5E5FA14F1648F4FD004BB07D /* Frameworks */ = {
			isa = PBXFrameworksBuildPhase;
			buildActionMask = 2147483647;
			files = (
				5ED70DE71649678C00AD3195 /* libcclib.a in Frameworks */,
				5E5482931648FDF400BD080D /* libz.1.2.5.dylib in Frameworks */,
				5E5482911648FDEA00BD080D /* libbz2.1.0.dylib in Frameworks */,
				5E5482851648FD9C00BD080D /* QuartzCore.framework in Frameworks */,
				5E5482831648FD9800BD080D /* OpenGLES.framework in Frameworks */,
				5E5482811648FD9100BD080D /* OpenAL.framework in Frameworks */,
				5E5FA1571648F4FD004BB07D /* UIKit.framework in Frameworks */,
				5E5FA1591648F4FD004BB07D /* Foundation.framework in Frameworks */,
				5E5FA15B1648F4FD004BB07D /* CoreGraphics.framework in Frameworks */,
				5EE5650E164AB814009E8E89 /* libavcodec.a in Frameworks */,
				5EE5650F164AB814009E8E89 /* libavdevice.a in Frameworks */,
				5EE56510164AB814009E8E89 /* libavformat.a in Frameworks */,
				5EE56511164AB814009E8E89 /* libavutil.a in Frameworks */,
				5EE56512164AB814009E8E89 /* libswscale.a in Frameworks */,
			);
			runOnlyForDeploymentPostprocessing = 0;
		};
/* End PBXFrameworksBuildPhase section */

/* Begin PBXGroup section */
		5E1C3C56164A691A005F6917 /* Controllers */ = {
			isa = PBXGroup;
			children = (
				5E5FA1771648F573004BB07D /* CCRootViewController.h */,
				5E5FA1781648F573004BB07D /* CCRootViewController.m */,
			);
			name = Controllers;
			sourceTree = "<group>";
		};
		5E1C3C57164A69BF005F6917 /* PlayerUI */ = {
			isa = PBXGroup;
			children = (
				5E1C3C9D164AA48B005F6917 /* ViewInterContactProtocals.h */,
				5E1C3C77164A9106005F6917 /* CCPlayerMaskView.h */,
				5E1C3C78164A9106005F6917 /* CCPlayerMaskView.m */,
				5E1C3C71164A8D59005F6917 /* CCPlayerHeaderView.h */,
				5E1C3C72164A8D59005F6917 /* CCPlayerHeaderView.m */,
				5E1C3C74164A8D73005F6917 /* CCPlayerFooterView.h */,
				5E1C3C75164A8D73005F6917 /* CCPlayerFooterView.m */,
				5E5FA1731648F573004BB07D /* CCPlayerRenderView.h */,
				5E5FA1741648F573004BB07D /* CCPlayerRenderView.m */,
				5E5FA1751648F573004BB07D /* CCPlayerViewController.h */,
				5E5FA1761648F573004BB07D /* CCPlayerViewController.mm */,
			);
			name = PlayerUI;
			sourceTree = "<group>";
		};
		5E1C3C58164A6A1F005F6917 /* PlayerAdapter */ = {
			isa = PBXGroup;
			children = (
				5E5FA17C1648F573004BB07D /* PlayerAdapter.h */,
				5E5FA17D1648F573004BB07D /* PlayerAdapter.mm */,
				5E5FA17E1648F573004BB07D /* PlayerAdapterProtocol.h */,
			);
			name = PlayerAdapter;
			sourceTree = "<group>";
		};
		5E1C3C59164A6A62005F6917 /* Storyboards */ = {
			isa = PBXGroup;
			children = (
				5E1C3C87164A95BB005F6917 /* MainStoryboard.storyboard */,
			);
			name = Storyboards;
			sourceTree = "<group>";
		};
		5E1C3C7A164A94FB005F6917 /* ApplicationIcons */ = {
			isa = PBXGroup;
			children = (
				5E1C3C7B164A950E005F6917 /* Default-568h@2x.png */,
				5E1C3C7C164A950E005F6917 /* Default.png */,
				5E1C3C7D164A950E005F6917 /* Default@2x.png */,
				5E1C3C7E164A950E005F6917 /* icon.png */,
			);
			name = ApplicationIcons;
			sourceTree = "<group>";
		};
		5E1C3C83164A951B005F6917 /* DecorateImages */ = {
			isa = PBXGroup;
			children = (
				5EE5654E164ABA78009E8E89 /* return_holdover.png */,
				5EE5654F164ABA78009E8E89 /* return_normal.png */,
				5E1C3C97164A9F3E005F6917 /* footer_bg_left.png */,
				5E1C3C99164A9F3F005F6917 /* footer_bg_right.png */,
				5E1C3C91164A9D41005F6917 /* header_bg_left.png */,
				5E1C3C93164A9D41005F6917 /* header_bg_right.png */,
			);
			name = DecorateImages;
			sourceTree = "<group>";
		};
		5E1C3C84164A953B005F6917 /* MediaFiles */ = {
			isa = PBXGroup;
			children = (
				5E1C3C85164A954C005F6917 /* test.flv */,
			);
			name = MediaFiles;
			sourceTree = "<group>";
		};
		5E1C3C8A164A95C6005F6917 /* ApplicationInfos */ = {
			isa = PBXGroup;
			children = (
				5E1C3C8E164A95F2005F6917 /* InfoPlist.strings */,
				5E1C3C8B164A95D5005F6917 /* CCPlayerUI-HD-Info.plist */,
				5E1C3C8C164A95D5005F6917 /* CCPlayerUI-HD-Prefix.pch */,
			);
			name = ApplicationInfos;
			sourceTree = "<group>";
		};
		5E5FA1471648F4FD004BB07D = {
			isa = PBXGroup;
			children = (
				5E5FA15C1648F4FD004BB07D /* CCPlayerUI-HD */,
				5E5FA1551648F4FD004BB07D /* Frameworks */,
				5E5FA1531648F4FD004BB07D /* Products */,
			);
			sourceTree = "<group>";
		};
		5E5FA1531648F4FD004BB07D /* Products */ = {
			isa = PBXGroup;
			children = (
				5E5FA1521648F4FD004BB07D /* CCPlayerUI-HD.app */,
			);
			name = Products;
			sourceTree = "<group>";
		};
		5E5FA1551648F4FD004BB07D /* Frameworks */ = {
			isa = PBXGroup;
			children = (
				5EE56509164AB814009E8E89 /* libavcodec.a */,
				5EE5650A164AB814009E8E89 /* libavdevice.a */,
				5EE5650B164AB814009E8E89 /* libavformat.a */,
				5EE5650C164AB814009E8E89 /* libavutil.a */,
				5EE5650D164AB814009E8E89 /* libswscale.a */,
				5E5482371648FAB400BD080D /* cclib.xcodeproj */,
				5E5482921648FDF400BD080D /* libz.1.2.5.dylib */,
				5E5482901648FDEA00BD080D /* libbz2.1.0.dylib */,
				5E5482841648FD9C00BD080D /* QuartzCore.framework */,
				5E5482821648FD9800BD080D /* OpenGLES.framework */,
				5E5482801648FD9100BD080D /* OpenAL.framework */,
				5E5FA1561648F4FD004BB07D /* UIKit.framework */,
				5E5FA1581648F4FD004BB07D /* Foundation.framework */,
				5E5FA15A1648F4FD004BB07D /* CoreGraphics.framework */,
			);
			name = Frameworks;
			sourceTree = "<group>";
		};
		5E5FA15C1648F4FD004BB07D /* CCPlayerUI-HD */ = {
			isa = PBXGroup;
			children = (
				5E1C3C59164A6A62005F6917 /* Storyboards */,
				5E1C3C58164A6A1F005F6917 /* PlayerAdapter */,
				5E1C3C57164A69BF005F6917 /* PlayerUI */,
				5E1C3C56164A691A005F6917 /* Controllers */,
				5E5FA1651648F4FD004BB07D /* CCAppDelegate.h */,
				5E5FA1661648F4FD004BB07D /* CCAppDelegate.m */,
				5E5FA15D1648F4FD004BB07D /* Supporting Files */,
			);
			path = "CCPlayerUI-HD";
			sourceTree = "<group>";
		};
		5E5FA15D1648F4FD004BB07D /* Supporting Files */ = {
			isa = PBXGroup;
			children = (
				5E1C3C8A164A95C6005F6917 /* ApplicationInfos */,
				5E1C3C84164A953B005F6917 /* MediaFiles */,
				5E1C3C83164A951B005F6917 /* DecorateImages */,
				5E1C3C7A164A94FB005F6917 /* ApplicationIcons */,
				5E5FA1621648F4FD004BB07D /* main.m */,
			);
			name = "Supporting Files";
			sourceTree = "<group>";
		};
		5E7910731649235D00168F5F /* Products */ = {
			isa = PBXGroup;
			children = (
				5E7910771649235D00168F5F /* libcclib.a */,
			);
			name = Products;
			sourceTree = "<group>";
		};
/* End PBXGroup section */

/* Begin PBXNativeTarget section */
		5E5FA1511648F4FD004BB07D /* CCPlayerUI-HD */ = {
			isa = PBXNativeTarget;
			buildConfigurationList = 5E5FA1701648F4FD004BB07D /* Build configuration list for PBXNativeTarget "CCPlayerUI-HD" */;
			buildPhases = (
				5E5FA14E1648F4FD004BB07D /* Sources */,
				5E5FA14F1648F4FD004BB07D /* Frameworks */,
				5E5FA1501648F4FD004BB07D /* Resources */,
			);
			buildRules = (
			);
			dependencies = (
			);
			name = "CCPlayerUI-HD";
			productName = "CCPlayerUI-HD";
			productReference = 5E5FA1521648F4FD004BB07D /* CCPlayerUI-HD.app */;
			productType = "com.apple.product-type.application";
		};
/* End PBXNativeTarget section */

/* Begin PBXProject section */
		5E5FA1491648F4FD004BB07D /* Project object */ = {
			isa = PBXProject;
			attributes = {
				CLASSPREFIX = CC;
				LastUpgradeCheck = 0440;
				ORGANIZATIONNAME = cc;
			};
			buildConfigurationList = 5E5FA14C1648F4FD004BB07D /* Build configuration list for PBXProject "CCPlayerUI-HD" */;
			compatibilityVersion = "Xcode 3.2";
			developmentRegion = English;
			hasScannedForEncodings = 0;
			knownRegions = (
				en,
			);
			mainGroup = 5E5FA1471648F4FD004BB07D;
			productRefGroup = 5E5FA1531648F4FD004BB07D /* Products */;
			projectDirPath = "";
			projectReferences = (
				{
					ProductGroup = 5E7910731649235D00168F5F /* Products */;
					ProjectRef = 5E5482371648FAB400BD080D /* cclib.xcodeproj */;
				},
			);
			projectRoot = "";
			targets = (
				5E5FA1511648F4FD004BB07D /* CCPlayerUI-HD */,
			);
		};
/* End PBXProject section */

/* Begin PBXReferenceProxy section */
		5E7910771649235D00168F5F /* libcclib.a */ = {
			isa = PBXReferenceProxy;
			fileType = archive.ar;
			path = libcclib.a;
			remoteRef = 5E7910761649235D00168F5F /* PBXContainerItemProxy */;
			sourceTree = BUILT_PRODUCTS_DIR;
		};
/* End PBXReferenceProxy section */

/* Begin PBXResourcesBuildPhase section */
		5E5FA1501648F4FD004BB07D /* Resources */ = {
			isa = PBXResourcesBuildPhase;
			buildActionMask = 2147483647;
			files = (
				5E1C3C7F164A950E005F6917 /* Default-568h@2x.png in Resources */,
				5E1C3C80164A950E005F6917 /* Default.png in Resources */,
				5E1C3C81164A950E005F6917 /* Default@2x.png in Resources */,
				5E1C3C82164A950E005F6917 /* icon.png in Resources */,
				5E1C3C86164A954C005F6917 /* test.flv in Resources */,
				5E1C3C89164A95BB005F6917 /* MainStoryboard.storyboard in Resources */,
				5E1C3C8D164A95D5005F6917 /* CCPlayerUI-HD-Info.plist in Resources */,
				5E1C3C90164A95F2005F6917 /* InfoPlist.strings in Resources */,
				5E1C3C94164A9D41005F6917 /* header_bg_left.png in Resources */,
				5E1C3C96164A9D41005F6917 /* header_bg_right.png in Resources */,
				5E1C3C9A164A9F3F005F6917 /* footer_bg_left.png in Resources */,
				5E1C3C9C164A9F3F005F6917 /* footer_bg_right.png in Resources */,
				5EE56550164ABA78009E8E89 /* return_holdover.png in Resources */,
				5EE56551164ABA78009E8E89 /* return_normal.png in Resources */,
			);
			runOnlyForDeploymentPostprocessing = 0;
		};
/* End PBXResourcesBuildPhase section */

/* Begin PBXSourcesBuildPhase section */
		5E5FA14E1648F4FD004BB07D /* Sources */ = {
			isa = PBXSourcesBuildPhase;
			buildActionMask = 2147483647;
			files = (
				5E5FA1631648F4FD004BB07D /* main.m in Sources */,
				5E5FA1671648F4FD004BB07D /* CCAppDelegate.m in Sources */,
				5E5FA1801648F573004BB07D /* CCPlayerRenderView.m in Sources */,
				5E5FA1811648F573004BB07D /* CCPlayerViewController.mm in Sources */,
				5E5FA1821648F573004BB07D /* CCRootViewController.m in Sources */,
				5E5FA1861648F573004BB07D /* PlayerAdapter.mm in Sources */,
				5E1C3C73164A8D59005F6917 /* CCPlayerHeaderView.m in Sources */,
				5E1C3C76164A8D73005F6917 /* CCPlayerFooterView.m in Sources */,
				5E1C3C79164A9107005F6917 /* CCPlayerMaskView.m in Sources */,
			);
			runOnlyForDeploymentPostprocessing = 0;
		};
/* End PBXSourcesBuildPhase section */

/* Begin PBXVariantGroup section */
		5E1C3C87164A95BB005F6917 /* MainStoryboard.storyboard */ = {
			isa = PBXVariantGroup;
			children = (
				5E1C3C88164A95BB005F6917 /* en */,
			);
			name = MainStoryboard.storyboard;
			sourceTree = "<group>";
		};
		5E1C3C8E164A95F2005F6917 /* InfoPlist.strings */ = {
			isa = PBXVariantGroup;
			children = (
				5E1C3C8F164A95F2005F6917 /* en */,
			);
			name = InfoPlist.strings;
			sourceTree = "<group>";
		};
/* End PBXVariantGroup section */

/* Begin XCBuildConfiguration section */
		5E5FA16E1648F4FD004BB07D /* Debug */ = {
			isa = XCBuildConfiguration;
			buildSettings = {
				ALWAYS_SEARCH_USER_PATHS = NO;
				ARCHS = "$(ARCHS_STANDARD_32_BIT)";
				CLANG_CXX_LANGUAGE_STANDARD = "gnu++0x";
				CLANG_CXX_LIBRARY = "libc++";
				CLANG_ENABLE_OBJC_ARC = YES;
				CLANG_WARN__DUPLICATE_METHOD_MATCH = YES;
				"CODE_SIGN_IDENTITY[sdk=iphoneos*]" = "iPhone Developer";
				COPY_PHASE_STRIP = NO;
				GCC_C_LANGUAGE_STANDARD = gnu99;
				GCC_DYNAMIC_NO_PIC = NO;
				GCC_OPTIMIZATION_LEVEL = 0;
				GCC_PREPROCESSOR_DEFINITIONS = (
					"DEBUG=1",
					"$(inherited)",
				);
				GCC_SYMBOLS_PRIVATE_EXTERN = NO;
				GCC_VERSION = com.apple.compilers.llvm.clang.1_0;
				GCC_WARN_ABOUT_RETURN_TYPE = YES;
				GCC_WARN_UNINITIALIZED_AUTOS = YES;
				GCC_WARN_UNUSED_VARIABLE = YES;
				IPHONEOS_DEPLOYMENT_TARGET = 5.1;
				ONLY_ACTIVE_ARCH = YES;
				SDKROOT = iphoneos;
				TARGETED_DEVICE_FAMILY = 2;
				USER_HEADER_SEARCH_PATHS = "$(SOURCE_ROOT)/../cclib/cclib/include/** $(SOURCE_ROOT)/../ffmpeg/include/**";
			};
			name = Debug;
		};
		5E5FA16F1648F4FD004BB07D /* Release */ = {
			isa = XCBuildConfiguration;
			buildSettings = {
				ALWAYS_SEARCH_USER_PATHS = NO;
				ARCHS = "$(ARCHS_STANDARD_32_BIT)";
				CLANG_CXX_LANGUAGE_STANDARD = "gnu++0x";
				CLANG_CXX_LIBRARY = "libc++";
				CLANG_ENABLE_OBJC_ARC = YES;
				CLANG_WARN__DUPLICATE_METHOD_MATCH = YES;
				"CODE_SIGN_IDENTITY[sdk=iphoneos*]" = "iPhone Developer";
				COPY_PHASE_STRIP = YES;
				GCC_C_LANGUAGE_STANDARD = gnu99;
				GCC_VERSION = com.apple.compilers.llvm.clang.1_0;
				GCC_WARN_ABOUT_RETURN_TYPE = YES;
				GCC_WARN_UNINITIALIZED_AUTOS = YES;
				GCC_WARN_UNUSED_VARIABLE = YES;
				IPHONEOS_DEPLOYMENT_TARGET = 5.1;
				ONLY_ACTIVE_ARCH = YES;
				OTHER_CFLAGS = "-DNS_BLOCK_ASSERTIONS=1";
				SDKROOT = iphoneos;
				TARGETED_DEVICE_FAMILY = 2;
				USER_HEADER_SEARCH_PATHS = "$(SOURCE_ROOT)/../cclib/cclib/include/** $(SOURCE_ROOT)/../ffmpeg/include/**";
				VALIDATE_PRODUCT = YES;
			};
			name = Release;
		};
		5E5FA1711648F4FD004BB07D /* Debug */ = {
			isa = XCBuildConfiguration;
			buildSettings = {
				GCC_PRECOMPILE_PREFIX_HEADER = YES;
				GCC_PREFIX_HEADER = "CCPlayerUI-HD/ApplicationInfos/CCPlayerUI-HD-Prefix.pch";
				INFOPLIST_FILE = "CCPlayerUI-HD/ApplicationInfos/CCPlayerUI-HD-Info.plist";
				LIBRARY_SEARCH_PATHS = (
					"$(inherited)",
					"\"$(SRCROOT)/../../Library/Developer/Xcode/DerivedData/CCPlayerUI-HD-bvwxsgmxxhipamaeejkyfipptpib/Build/Products/Debug-iphoneos\"",
					"\"$(SRCROOT)/../ffmpeg/libs/simulater\"",
					"\"$(SRCROOT)/../ffmpeg/libs/device\"",
				);
				ONLY_ACTIVE_ARCH = NO;
				PRODUCT_NAME = "$(TARGET_NAME)";
				WRAPPER_EXTENSION = app;
			};
			name = Debug;
		};
		5E5FA1721648F4FD004BB07D /* Release */ = {
			isa = XCBuildConfiguration;
			buildSettings = {
				GCC_PRECOMPILE_PREFIX_HEADER = YES;
				GCC_PREFIX_HEADER = "CCPlayerUI-HD/ApplicationInfos/CCPlayerUI-HD-Prefix.pch";
				INFOPLIST_FILE = "CCPlayerUI-HD/ApplicationInfos/CCPlayerUI-HD-Info.plist";
				LIBRARY_SEARCH_PATHS = (
					"$(inherited)",
					"\"$(SRCROOT)/../../Library/Developer/Xcode/DerivedData/CCPlayerUI-HD-bvwxsgmxxhipamaeejkyfipptpib/Build/Products/Debug-iphoneos\"",
					"\"$(SRCROOT)/../ffmpeg/libs/simulater\"",
					"\"$(SRCROOT)/../ffmpeg/libs/device\"",
				);
				ONLY_ACTIVE_ARCH = NO;
				PRODUCT_NAME = "$(TARGET_NAME)";
				WRAPPER_EXTENSION = app;
			};
			name = Release;
		};
/* End XCBuildConfiguration section */

/* Begin XCConfigurationList section */
		5E5FA14C1648F4FD004BB07D /* Build configuration list for PBXProject "CCPlayerUI-HD" */ = {
			isa = XCConfigurationList;
			buildConfigurations = (
				5E5FA16E1648F4FD004BB07D /* Debug */,
				5E5FA16F1648F4FD004BB07D /* Release */,
			);
			defaultConfigurationIsVisible = 0;
			defaultConfigurationName = Release;
		};
		5E5FA1701648F4FD004BB07D /* Build configuration list for PBXNativeTarget "CCPlayerUI-HD" */ = {
			isa = XCConfigurationList;
			buildConfigurations = (
				5E5FA1711648F4FD004BB07D /* Debug */,
				5E5FA1721648F4FD004BB07D /* Release */,
			);
			defaultConfigurationIsVisible = 0;
			defaultConfigurationName = Release;
		};
/* End XCConfigurationList section */
	};
	rootObject = 5E5FA1491648F4FD004BB07D /* Project object */;
}
